
Microsoft Visual Studio Solution File, Format Version 12.00
# Visual Studio Version 17
VisualStudioVersion = 17.14.36603.0 d17.14
MinimumVisualStudioVersion = 10.0.40219.1
Project("{FAE04EC0-301F-11D3-BF4B-00C04F79EFBC}") = "AdventureGame.Cli", "AdventureGame.Cli\AdventureGame.Cli.csproj", "{FE28D15F-7715-453F-AD23-0FCACBC74A68}"
EndProject
Project("{FAE04EC0-301F-11D3-BF4B-00C04F79EFBC}") = "AdventureGame.Core", "AdventureGame.Core\AdventureGame.Core.csproj", "{14E7F3C4-B518-41F3-A698-AED7FE32D230}"
EndProject
Global
	GlobalSection(SolutionConfigurationPlatforms) = preSolution
		Debug|Any CPU = Debug|Any CPU
		Release|Any CPU = Release|Any CPU
	EndGlobalSection
	GlobalSection(ProjectConfigurationPlatforms) = postSolution
		{FE28D15F-7715-453F-AD23-0FCACBC74A68}.Debug|Any CPU.ActiveCfg = Debug|Any CPU
		{FE28D15F-7715-453F-AD23-0FCACBC74A68}.Debug|Any CPU.Build.0 = Debug|Any CPU
		{FE28D15F-7715-453F-AD23-0FCACBC74A68}.Release|Any CPU.ActiveCfg = Release|Any CPU
		{FE28D15F-7715-453F-AD23-0FCACBC74A68}.Release|Any CPU.Build.0 = Release|Any CPU
		{14E7F3C4-B518-41F3-A698-AED7FE32D230}.Debug|Any CPU.ActiveCfg = Debug|Any CPU
		{14E7F3C4-B518-41F3-A698-AED7FE32D230}.Debug|Any CPU.Build.0 = Debug|Any CPU
		{14E7F3C4-B518-41F3-A698-AED7FE32D230}.Release|Any CPU.ActiveCfg = Release|Any CPU
		{14E7F3C4-B518-41F3-A698-AED7FE32D230}.Release|Any CPU.Build.0 = Release|Any CPU
	EndGlobalSection
	GlobalSection(SolutionProperties) = preSolution
		HideSolutionNode = FALSE
	EndGlobalSection
	GlobalSection(ExtensibilityGlobals) = postSolution
		SolutionGuid = {92C304BC-0A24-46C5-A1FA-A56146FA7246}
	EndGlobalSection
EndGlobal
